<?xml version="1.0" encoding="UTF-8"?>
<CodeBlocks_project_file>
	<FileVersion major="1" minor="6"/>
	<Project>
		<Option title="final"/>
		<Option makefile_is_custom="1"/>
		<Option compiler="gcc"/>
		<Option virtualFolders="CMake Files\;"/>
		<Build>
			<Target title="all">
				<Option working_dir="/home/shtrikh17/StepicExam"/>
				<Option type="4"/>
				<MakeCommands>
					<Build command="/usr/bin/make -f &quot;/home/shtrikh17/StepicExam/Makefile&quot;  VERBOSE=1 all"/>
					<CompileFile command="/usr/bin/make -f &quot;/home/shtrikh17/StepicExam/Makefile&quot;  VERBOSE=1 &quot;$file&quot;"/>
					<Clean command="/usr/bin/make -f &quot;/home/shtrikh17/StepicExam/Makefile&quot;  VERBOSE=1 clean"/>
					<DistClean command="/usr/bin/make -f &quot;/home/shtrikh17/StepicExam/Makefile&quot;  VERBOSE=1 clean"/>
				</MakeCommands>
			</Target>
			<Target title="rebuild_cache">
				<Option working_dir="/home/shtrikh17/StepicExam"/>
				<Option type="4"/>
				<MakeCommands>
					<Build command="/usr/bin/make -f &quot;/home/shtrikh17/StepicExam/Makefile&quot;  VERBOSE=1 rebuild_cache"/>
					<CompileFile command="/usr/bin/make -f &quot;/home/shtrikh17/StepicExam/Makefile&quot;  VERBOSE=1 &quot;$file&quot;"/>
					<Clean command="/usr/bin/make -f &quot;/home/shtrikh17/StepicExam/Makefile&quot;  VERBOSE=1 clean"/>
					<DistClean command="/usr/bin/make -f &quot;/home/shtrikh17/StepicExam/Makefile&quot;  VERBOSE=1 clean"/>
				</MakeCommands>
			</Target>
			<Target title="final">
				<Option output="/home/shtrikh17/StepicExam/final" prefix_auto="0" extension_auto="0"/>
				<Option working_dir=""/>
				<Option object_output="./"/>
				<Option type="1"/>
				<Option compiler="gcc"/>
				<Compiler/>
				<MakeCommands>
					<Build command="/usr/bin/make -f &quot;/home/shtrikh17/StepicExam/Makefile&quot;  VERBOSE=1 final"/>
					<CompileFile command="/usr/bin/make -f &quot;/home/shtrikh17/StepicExam/Makefile&quot;  VERBOSE=1 &quot;$file&quot;"/>
					<Clean command="/usr/bin/make -f &quot;/home/shtrikh17/StepicExam/Makefile&quot;  VERBOSE=1 clean"/>
					<DistClean command="/usr/bin/make -f &quot;/home/shtrikh17/StepicExam/Makefile&quot;  VERBOSE=1 clean"/>
				</MakeCommands>
			</Target>
			<Target title="final/fast">
				<Option output="/home/shtrikh17/StepicExam/final" prefix_auto="0" extension_auto="0"/>
				<Option working_dir=""/>
				<Option object_output="./"/>
				<Option type="1"/>
				<Option compiler="gcc"/>
				<Compiler/>
				<MakeCommands>
					<Build command="/usr/bin/make -f &quot;/home/shtrikh17/StepicExam/Makefile&quot;  VERBOSE=1 final/fast"/>
					<CompileFile command="/usr/bin/make -f &quot;/home/shtrikh17/StepicExam/Makefile&quot;  VERBOSE=1 &quot;$file&quot;"/>
					<Clean command="/usr/bin/make -f &quot;/home/shtrikh17/StepicExam/Makefile&quot;  VERBOSE=1 clean"/>
					<DistClean command="/usr/bin/make -f &quot;/home/shtrikh17/StepicExam/Makefile&quot;  VERBOSE=1 clean"/>
				</MakeCommands>
			</Target>
			<Target title="edit_cache">
				<Option working_dir="/home/shtrikh17/StepicExam"/>
				<Option type="4"/>
				<MakeCommands>
					<Build command="/usr/bin/make -f &quot;/home/shtrikh17/StepicExam/Makefile&quot;  VERBOSE=1 edit_cache"/>
					<CompileFile command="/usr/bin/make -f &quot;/home/shtrikh17/StepicExam/Makefile&quot;  VERBOSE=1 &quot;$file&quot;"/>
					<Clean command="/usr/bin/make -f &quot;/home/shtrikh17/StepicExam/Makefile&quot;  VERBOSE=1 clean"/>
					<DistClean command="/usr/bin/make -f &quot;/home/shtrikh17/StepicExam/Makefile&quot;  VERBOSE=1 clean"/>
				</MakeCommands>
			</Target>
		</Build>
		<Unit filename="/home/shtrikh17/StepicExam/commonOperations.c">
			<Option target="final"/>
		</Unit>
		<Unit filename="/home/shtrikh17/StepicExam/commonOperations.h">
			<Option target="final"/>
		</Unit>
		<Unit filename="/home/shtrikh17/StepicExam/main.c">
			<Option target="final"/>
		</Unit>
		<Unit filename="/home/shtrikh17/StepicExam/myHTTP.c">
			<Option target="final"/>
		</Unit>
		<Unit filename="/home/shtrikh17/StepicExam/myHTTP.h">
			<Option target="final"/>
		</Unit>
		<Unit filename="/home/shtrikh17/StepicExam/server.c">
			<Option target="final"/>
		</Unit>
		<Unit filename="/home/shtrikh17/StepicExam/server.h">
			<Option target="final"/>
		</Unit>
		<Unit filename="/home/shtrikh17/StepicExam/CMakeLists.txt">
			<Option virtualFolder="CMake Files\"/>
		</Unit>
	</Project>
</CodeBlocks_project_file>
